
Microsoft Visual Studio Solution File, Format Version 12.00
# Visual Studio 2013
VisualStudioVersion = 12.0.31101.0
MinimumVisualStudioVersion = 10.0.40219.1
Project("{2150E333-8FDC-42A3-9474-1A3956D46DE8}") = "App", "App", "{DE5572AD-C1DB-4271-A51F-275D1800B12E}"
EndProject
Project("{2150E333-8FDC-42A3-9474-1A3956D46DE8}") = "Service", "Service", "{B293AB0F-9E5F-4BCE-A63B-8ADC5E684D47}"
EndProject
Project("{2150E333-8FDC-42A3-9474-1A3956D46DE8}") = "Interface", "Interface", "{005725B4-A55A-49BD-8BD9-9D5BBB45B5F6}"
EndProject
Project("{2150E333-8FDC-42A3-9474-1A3956D46DE8}") = "Terminal", "Terminal", "{AD8EC7F1-142F-414A-9FDA-8AB829336476}"
EndProject
Project("{2150E333-8FDC-42A3-9474-1A3956D46DE8}") = "WarePick", "WarePick", "{0996F212-82C0-4170-A69C-86FA5C450D9A}"
EndProject
Project("{2150E333-8FDC-42A3-9474-1A3956D46DE8}") = "AppViews", "AppViews", "{DE9B6F68-3DB6-4E9A-BD0F-A8CE144C831B}"
EndProject
Project("{FAE04EC0-301F-11D3-BF4B-00C04F79EFBC}") = "DQS.DbService", "Service\DQS.DbService\DQS.DbService.csproj", "{A28F91EB-A91D-4878-9DBA-D17FF813BD48}"
EndProject
Project("{FAE04EC0-301F-11D3-BF4B-00C04F79EFBC}") = "DQS.Module", "App\DQS.Module\DQS.Module.csproj", "{39F06AB8-466F-4D72-95B5-72DE2FF484B7}"
EndProject
Project("{FAE04EC0-301F-11D3-BF4B-00C04F79EFBC}") = "DQS.Common", "App\DQS.Common\DQS.Common.csproj", "{43DF1044-5A7E-4FCA-9645-09114FF56690}"
EndProject
Project("{FAE04EC0-301F-11D3-BF4B-00C04F79EFBC}") = "DQS.App", "App\DQS.App\DQS.App.csproj", "{C2382B5B-BE02-469E-BC0D-A44FC1876CA3}"
EndProject
Project("{FAE04EC0-301F-11D3-BF4B-00C04F79EFBC}") = "DQS.Controls", "App\DQS.Controls\DQS.Controls.csproj", "{C6D2365E-91F8-4E34-B9F9-43A99A99020A}"
EndProject
Project("{FAE04EC0-301F-11D3-BF4B-00C04F79EFBC}") = "DQS.AppViews.QualityControl", "App\AppViews\DQS.AppViews.QualityControl\DQS.AppViews.QualityControl.csproj", "{B2D783E2-C5D1-4914-8454-921CF0673AF5}"
EndProject
Project("{FAE04EC0-301F-11D3-BF4B-00C04F79EFBC}") = "DQS.AppViews.QualityDocument", "App\AppViews\DQS.AppViews.QualityDocument\DQS.AppViews.QualityDocument.csproj", "{6D2BC077-8350-4301-8C86-1A123D33C282}"
EndProject
Project("{FAE04EC0-301F-11D3-BF4B-00C04F79EFBC}") = "DQS.AppViews.WarehouseIn", "App\AppViews\DQS.AppViews.WarehouseIn\DQS.AppViews.WarehouseIn.csproj", "{6CB73CC1-86D2-4661-B998-ED0D9477CEA9}"
EndProject
Project("{FAE04EC0-301F-11D3-BF4B-00C04F79EFBC}") = "DQS.AppViews.WarehouseOut", "App\AppViews\DQS.AppViews.WarehouseOut\DQS.AppViews.WarehouseOut.csproj", "{D7A2270B-EA2A-4128-A26A-42957AAF7E95}"
EndProject
Project("{FAE04EC0-301F-11D3-BF4B-00C04F79EFBC}") = "DQS.AppViews.StoreAndCuring", "App\AppViews\DQS.AppViews.StoreAndCuring\DQS.AppViews.StoreAndCuring.csproj", "{2F55DB71-B8F6-40D4-911D-94DA047E35D9}"
EndProject
Project("{FAE04EC0-301F-11D3-BF4B-00C04F79EFBC}") = "DQS.AppViews.ExceptionControl", "App\AppViews\DQS.AppViews.ExceptionControl\DQS.AppViews.ExceptionControl.csproj", "{E91A9C74-EDC1-427E-9F87-1E338B8449BC}"
EndProject
Project("{FAE04EC0-301F-11D3-BF4B-00C04F79EFBC}") = "DQS.AppViews.StatReport", "App\AppViews\DQS.AppViews.StatReport\DQS.AppViews.StatReport.csproj", "{D973FB6C-8AEF-4546-9A27-A2DEC03835B4}"
EndProject
Project("{FAE04EC0-301F-11D3-BF4B-00C04F79EFBC}") = "DQS.AppViews.OtherOperation", "App\AppViews\DQS.AppViews.OtherOperation\DQS.AppViews.OtherOperation.csproj", "{DD6556B3-3FA1-4705-8A18-E11C6802F7C5}"
EndProject
Project("{FAE04EC0-301F-11D3-BF4B-00C04F79EFBC}") = "DQS.SvrHost", "Service\DQS.SvrHost\DQS.SvrHost.csproj", "{16CEFA52-FE5B-4D9C-B676-5E228819844A}"
	ProjectSection(ProjectDependencies) = postProject
		{C6D2365E-91F8-4E34-B9F9-43A99A99020A} = {C6D2365E-91F8-4E34-B9F9-43A99A99020A}
	EndProjectSection
EndProject
Project("{FAE04EC0-301F-11D3-BF4B-00C04F79EFBC}") = "DQS.AppViews.Operation", "App\AppViews\DQS.AppViews.Operation\DQS.AppViews.Operation.csproj", "{7FA5D7B2-5004-4609-8F98-3EF97CDE0583}"
EndProject
Project("{FAE04EC0-301F-11D3-BF4B-00C04F79EFBC}") = "DQS.Updater", "Updater\DQS.Updater.csproj", "{624F74AA-804F-48D5-9E92-208FE0C4DCCD}"
EndProject
Global
	GlobalSection(SolutionConfigurationPlatforms) = preSolution
		Debug|Any CPU = Debug|Any CPU
		Release|Any CPU = Release|Any CPU
	EndGlobalSection
	GlobalSection(ProjectConfigurationPlatforms) = postSolution
		{A28F91EB-A91D-4878-9DBA-D17FF813BD48}.Debug|Any CPU.ActiveCfg = Debug|Any CPU
		{A28F91EB-A91D-4878-9DBA-D17FF813BD48}.Debug|Any CPU.Build.0 = Debug|Any CPU
		{A28F91EB-A91D-4878-9DBA-D17FF813BD48}.Release|Any CPU.ActiveCfg = Release|Any CPU
		{A28F91EB-A91D-4878-9DBA-D17FF813BD48}.Release|Any CPU.Build.0 = Release|Any CPU
		{39F06AB8-466F-4D72-95B5-72DE2FF484B7}.Debug|Any CPU.ActiveCfg = Debug|Any CPU
		{39F06AB8-466F-4D72-95B5-72DE2FF484B7}.Debug|Any CPU.Build.0 = Debug|Any CPU
		{39F06AB8-466F-4D72-95B5-72DE2FF484B7}.Release|Any CPU.ActiveCfg = Release|Any CPU
		{39F06AB8-466F-4D72-95B5-72DE2FF484B7}.Release|Any CPU.Build.0 = Release|Any CPU
		{43DF1044-5A7E-4FCA-9645-09114FF56690}.Debug|Any CPU.ActiveCfg = Debug|Any CPU
		{43DF1044-5A7E-4FCA-9645-09114FF56690}.Debug|Any CPU.Build.0 = Debug|Any CPU
		{43DF1044-5A7E-4FCA-9645-09114FF56690}.Release|Any CPU.ActiveCfg = Release|Any CPU
		{43DF1044-5A7E-4FCA-9645-09114FF56690}.Release|Any CPU.Build.0 = Release|Any CPU
		{C2382B5B-BE02-469E-BC0D-A44FC1876CA3}.Debug|Any CPU.ActiveCfg = Debug|Any CPU
		{C2382B5B-BE02-469E-BC0D-A44FC1876CA3}.Debug|Any CPU.Build.0 = Debug|Any CPU
		{C2382B5B-BE02-469E-BC0D-A44FC1876CA3}.Release|Any CPU.ActiveCfg = Release|Any CPU
		{C2382B5B-BE02-469E-BC0D-A44FC1876CA3}.Release|Any CPU.Build.0 = Release|Any CPU
		{C6D2365E-91F8-4E34-B9F9-43A99A99020A}.Debug|Any CPU.ActiveCfg = Debug|Any CPU
		{C6D2365E-91F8-4E34-B9F9-43A99A99020A}.Debug|Any CPU.Build.0 = Debug|Any CPU
		{C6D2365E-91F8-4E34-B9F9-43A99A99020A}.Release|Any CPU.ActiveCfg = Release|Any CPU
		{C6D2365E-91F8-4E34-B9F9-43A99A99020A}.Release|Any CPU.Build.0 = Release|Any CPU
		{B2D783E2-C5D1-4914-8454-921CF0673AF5}.Debug|Any CPU.ActiveCfg = Debug|Any CPU
		{B2D783E2-C5D1-4914-8454-921CF0673AF5}.Debug|Any CPU.Build.0 = Debug|Any CPU
		{B2D783E2-C5D1-4914-8454-921CF0673AF5}.Release|Any CPU.ActiveCfg = Release|Any CPU
		{B2D783E2-C5D1-4914-8454-921CF0673AF5}.Release|Any CPU.Build.0 = Release|Any CPU
		{6D2BC077-8350-4301-8C86-1A123D33C282}.Debug|Any CPU.ActiveCfg = Debug|Any CPU
		{6D2BC077-8350-4301-8C86-1A123D33C282}.Debug|Any CPU.Build.0 = Debug|Any CPU
		{6D2BC077-8350-4301-8C86-1A123D33C282}.Release|Any CPU.ActiveCfg = Release|Any CPU
		{6D2BC077-8350-4301-8C86-1A123D33C282}.Release|Any CPU.Build.0 = Release|Any CPU
		{6CB73CC1-86D2-4661-B998-ED0D9477CEA9}.Debug|Any CPU.ActiveCfg = Debug|Any CPU
		{6CB73CC1-86D2-4661-B998-ED0D9477CEA9}.Debug|Any CPU.Build.0 = Debug|Any CPU
		{6CB73CC1-86D2-4661-B998-ED0D9477CEA9}.Release|Any CPU.ActiveCfg = Release|Any CPU
		{6CB73CC1-86D2-4661-B998-ED0D9477CEA9}.Release|Any CPU.Build.0 = Release|Any CPU
		{D7A2270B-EA2A-4128-A26A-42957AAF7E95}.Debug|Any CPU.ActiveCfg = Debug|Any CPU
		{D7A2270B-EA2A-4128-A26A-42957AAF7E95}.Debug|Any CPU.Build.0 = Debug|Any CPU
		{D7A2270B-EA2A-4128-A26A-42957AAF7E95}.Release|Any CPU.ActiveCfg = Release|Any CPU
		{D7A2270B-EA2A-4128-A26A-42957AAF7E95}.Release|Any CPU.Build.0 = Release|Any CPU
		{2F55DB71-B8F6-40D4-911D-94DA047E35D9}.Debug|Any CPU.ActiveCfg = Debug|Any CPU
		{2F55DB71-B8F6-40D4-911D-94DA047E35D9}.Debug|Any CPU.Build.0 = Debug|Any CPU
		{2F55DB71-B8F6-40D4-911D-94DA047E35D9}.Release|Any CPU.ActiveCfg = Release|Any CPU
		{2F55DB71-B8F6-40D4-911D-94DA047E35D9}.Release|Any CPU.Build.0 = Release|Any CPU
		{E91A9C74-EDC1-427E-9F87-1E338B8449BC}.Debug|Any CPU.ActiveCfg = Debug|Any CPU
		{E91A9C74-EDC1-427E-9F87-1E338B8449BC}.Debug|Any CPU.Build.0 = Debug|Any CPU
		{E91A9C74-EDC1-427E-9F87-1E338B8449BC}.Release|Any CPU.ActiveCfg = Release|Any CPU
		{E91A9C74-EDC1-427E-9F87-1E338B8449BC}.Release|Any CPU.Build.0 = Release|Any CPU
		{D973FB6C-8AEF-4546-9A27-A2DEC03835B4}.Debug|Any CPU.ActiveCfg = Debug|Any CPU
		{D973FB6C-8AEF-4546-9A27-A2DEC03835B4}.Debug|Any CPU.Build.0 = Debug|Any CPU
		{D973FB6C-8AEF-4546-9A27-A2DEC03835B4}.Release|Any CPU.ActiveCfg = Release|Any CPU
		{D973FB6C-8AEF-4546-9A27-A2DEC03835B4}.Release|Any CPU.Build.0 = Release|Any CPU
		{DD6556B3-3FA1-4705-8A18-E11C6802F7C5}.Debug|Any CPU.ActiveCfg = Debug|Any CPU
		{DD6556B3-3FA1-4705-8A18-E11C6802F7C5}.Debug|Any CPU.Build.0 = Debug|Any CPU
		{DD6556B3-3FA1-4705-8A18-E11C6802F7C5}.Release|Any CPU.ActiveCfg = Release|Any CPU
		{DD6556B3-3FA1-4705-8A18-E11C6802F7C5}.Release|Any CPU.Build.0 = Release|Any CPU
		{16CEFA52-FE5B-4D9C-B676-5E228819844A}.Debug|Any CPU.ActiveCfg = Debug|Any CPU
		{16CEFA52-FE5B-4D9C-B676-5E228819844A}.Debug|Any CPU.Build.0 = Debug|Any CPU
		{16CEFA52-FE5B-4D9C-B676-5E228819844A}.Release|Any CPU.ActiveCfg = Release|Any CPU
		{16CEFA52-FE5B-4D9C-B676-5E228819844A}.Release|Any CPU.Build.0 = Release|Any CPU
		{7FA5D7B2-5004-4609-8F98-3EF97CDE0583}.Debug|Any CPU.ActiveCfg = Debug|Any CPU
		{7FA5D7B2-5004-4609-8F98-3EF97CDE0583}.Debug|Any CPU.Build.0 = Debug|Any CPU
		{7FA5D7B2-5004-4609-8F98-3EF97CDE0583}.Release|Any CPU.ActiveCfg = Release|Any CPU
		{7FA5D7B2-5004-4609-8F98-3EF97CDE0583}.Release|Any CPU.Build.0 = Release|Any CPU
		{624F74AA-804F-48D5-9E92-208FE0C4DCCD}.Debug|Any CPU.ActiveCfg = Debug|Any CPU
		{624F74AA-804F-48D5-9E92-208FE0C4DCCD}.Debug|Any CPU.Build.0 = Debug|Any CPU
		{624F74AA-804F-48D5-9E92-208FE0C4DCCD}.Release|Any CPU.ActiveCfg = Release|Any CPU
		{624F74AA-804F-48D5-9E92-208FE0C4DCCD}.Release|Any CPU.Build.0 = Release|Any CPU
	EndGlobalSection
	GlobalSection(SolutionProperties) = preSolution
		HideSolutionNode = FALSE
	EndGlobalSection
	GlobalSection(NestedProjects) = preSolution
		{DE9B6F68-3DB6-4E9A-BD0F-A8CE144C831B} = {DE5572AD-C1DB-4271-A51F-275D1800B12E}
		{A28F91EB-A91D-4878-9DBA-D17FF813BD48} = {B293AB0F-9E5F-4BCE-A63B-8ADC5E684D47}
		{39F06AB8-466F-4D72-95B5-72DE2FF484B7} = {DE5572AD-C1DB-4271-A51F-275D1800B12E}
		{43DF1044-5A7E-4FCA-9645-09114FF56690} = {DE5572AD-C1DB-4271-A51F-275D1800B12E}
		{C2382B5B-BE02-469E-BC0D-A44FC1876CA3} = {DE5572AD-C1DB-4271-A51F-275D1800B12E}
		{C6D2365E-91F8-4E34-B9F9-43A99A99020A} = {DE5572AD-C1DB-4271-A51F-275D1800B12E}
		{B2D783E2-C5D1-4914-8454-921CF0673AF5} = {DE9B6F68-3DB6-4E9A-BD0F-A8CE144C831B}
		{6D2BC077-8350-4301-8C86-1A123D33C282} = {DE9B6F68-3DB6-4E9A-BD0F-A8CE144C831B}
		{6CB73CC1-86D2-4661-B998-ED0D9477CEA9} = {DE9B6F68-3DB6-4E9A-BD0F-A8CE144C831B}
		{D7A2270B-EA2A-4128-A26A-42957AAF7E95} = {DE9B6F68-3DB6-4E9A-BD0F-A8CE144C831B}
		{2F55DB71-B8F6-40D4-911D-94DA047E35D9} = {DE9B6F68-3DB6-4E9A-BD0F-A8CE144C831B}
		{E91A9C74-EDC1-427E-9F87-1E338B8449BC} = {DE9B6F68-3DB6-4E9A-BD0F-A8CE144C831B}
		{D973FB6C-8AEF-4546-9A27-A2DEC03835B4} = {DE9B6F68-3DB6-4E9A-BD0F-A8CE144C831B}
		{DD6556B3-3FA1-4705-8A18-E11C6802F7C5} = {DE9B6F68-3DB6-4E9A-BD0F-A8CE144C831B}
		{16CEFA52-FE5B-4D9C-B676-5E228819844A} = {B293AB0F-9E5F-4BCE-A63B-8ADC5E684D47}
		{7FA5D7B2-5004-4609-8F98-3EF97CDE0583} = {DE9B6F68-3DB6-4E9A-BD0F-A8CE144C831B}
		{624F74AA-804F-48D5-9E92-208FE0C4DCCD} = {DE5572AD-C1DB-4271-A51F-275D1800B12E}
	EndGlobalSection
EndGlobal
